# This file is automatically @generated by Cargo.
# It is not intended for manual editing.
version = 4

[[package]]
name = "badjump"
version = "0.1.0"
dependencies = [
 "sys",
]

[[package]]
name = "breaker"
version = "0.1.0"
dependencies = [
 "sys",
]

[[package]]
name = "child"
version = "0.1.0"
dependencies = [
 "sys",
]

[[package]]
name = "crasher"
version = "0.1.0"
dependencies = [
 "sys",
]

[[package]]
name = "delegator"
version = "0.1.0"
dependencies = [
 "sys",
]

[[package]]
name = "execdata"
version = "0.1.0"
dependencies = [
 "sys",
]

[[package]]
name = "forker"
version = "0.1.0"
dependencies = [
 "sys",
]

[[package]]
name = "fuzzdelegate"
version = "0.1.0"
dependencies = [
 "sys",
]

[[package]]
name = "hello"
version = "0.1.0"
dependencies = [
 "sys",
]

[[package]]
name = "leaker"
version = "0.1.0"
dependencies = [
 "sys",
]

[[package]]
name = "misalign"
version = "0.1.0"
dependencies = [
 "sys",
]

[[package]]
name = "muzzled"
version = "0.1.0"
dependencies = [
 "sys",
]

[[package]]
name = "nullread"
version = "0.1.0"
dependencies = [
 "sys",
]

[[package]]
name = "redelegator"
version = "0.1.0"
dependencies = [
 "sys",
]

[[package]]
name = "runaway"
version = "0.1.0"
dependencies = [
 "sys",
]

[[package]]
name = "spawner"
version = "0.1.0"
dependencies = [
 "sys",
]

[[package]]
name = "stackover"
version = "0.1.0"
dependencies = [
 "sys",
]

[[package]]
name = "sys"
version = "0.1.0"

[[package]]
name = "wild"
version = "0.1.0"
dependencies = [
 "sys",
]

[[package]]
name = "worker"
version = "0.1.0"
dependencies = [
 "sys",
]

[[package]]
name = "wxviol"
version = "0.1.0"
dependencies = [
 "sys",
]
